
Microsoft Visual Studio Solution File, Format Version 12.00
# Visual Studio 14
VisualStudioVersion = 14.0.25420.1
MinimumVisualStudioVersion = 10.0.40219.1
Project("{FAE04EC0-301F-11D3-BF4B-00C04F79EFBC}") = "JqueryDapper", "JqueryDapper\JqueryDapper.csproj", "{685AEB70-657C-489D-98DD-3AF7B552FC71}"
EndProject
Project("{2150E333-8FDC-42A3-9474-1A3956D46DE8}") = "00公共模块", "00公共模块", "{A9923E9F-0EE2-4526-983A-AB20D8CA290E}"
EndProject
Project("{2150E333-8FDC-42A3-9474-1A3956D46DE8}") = "01数据访问层", "01数据访问层", "{0E0224C7-DC15-4ADF-8D70-E8E4365FD3D3}"
EndProject
Project("{2150E333-8FDC-42A3-9474-1A3956D46DE8}") = "02业务逻辑层", "02业务逻辑层", "{E6E824E5-BD94-405B-8B62-79804FD1AA52}"
EndProject
Project("{2150E333-8FDC-42A3-9474-1A3956D46DE8}") = "03展现层", "03展现层", "{CB30CAAA-BD4E-4A27-A031-3088848A2E1A}"
EndProject
Project("{FAE04EC0-301F-11D3-BF4B-00C04F79EFBC}") = "JqD.Entities", "JqD.Entities\JqD.Entities.csproj", "{8AABA2AC-A0A4-43E2-A3E6-53B239759512}"
EndProject
Project("{FAE04EC0-301F-11D3-BF4B-00C04F79EFBC}") = "JqD.IQueryService", "JqD.IQueryService\JqD.IQueryService.csproj", "{2304E8A3-C90E-4D2A-ABDE-5FDEBACEE20F}"
EndProject
Project("{FAE04EC0-301F-11D3-BF4B-00C04F79EFBC}") = "JqD.QueryService", "JqD.QueryService\JqD.QueryService.csproj", "{2E038887-9821-4083-BEEE-9E54A6B2F073}"
EndProject
Project("{FAE04EC0-301F-11D3-BF4B-00C04F79EFBC}") = "JqD.IRepository", "JqD.IRepository\JqD.IRepository.csproj", "{F3E10145-9683-4F5A-8EE1-4F369523E577}"
EndProject
Project("{FAE04EC0-301F-11D3-BF4B-00C04F79EFBC}") = "JqD.Repository", "JqD.Repository\JqD.Repository.csproj", "{076A468A-D9D0-44CF-8379-046DCE5B1074}"
EndProject
Project("{FAE04EC0-301F-11D3-BF4B-00C04F79EFBC}") = "JqD.ILogic", "JqD.ILogic\JqD.ILogic.csproj", "{002206C9-4454-4F9E-9804-81A104E16B82}"
EndProject
Project("{FAE04EC0-301F-11D3-BF4B-00C04F79EFBC}") = "JqD.Logic", "JqD.Logic\JqD.Logic.csproj", "{1A975A49-783D-461D-819F-AC849AB7F0EC}"
EndProject
Project("{FAE04EC0-301F-11D3-BF4B-00C04F79EFBC}") = "JqD.Command", "JqD.Command\JqD.Command.csproj", "{F4ED364E-2165-46A6-A9EF-284C81D20CD0}"
EndProject
Project("{FAE04EC0-301F-11D3-BF4B-00C04F79EFBC}") = "JqD.Infrustruct", "JqD.Infrustruct\JqD.Infrustruct.csproj", "{AE6753A1-5DEB-426F-BFA5-A9F7CE5A73B3}"
EndProject
Project("{FAE04EC0-301F-11D3-BF4B-00C04F79EFBC}") = "JqD.Data", "JqD.Data\JqD.Data.csproj", "{6CC373CC-791A-4474-B9C8-0397D759B753}"
EndProject
Project("{FAE04EC0-301F-11D3-BF4B-00C04F79EFBC}") = "JqD.Common", "JqD.Common\JqD.Common.csproj", "{4F58E670-D8AE-4E2A-946D-58B95ADB7D2A}"
EndProject
Project("{FAE04EC0-301F-11D3-BF4B-00C04F79EFBC}") = "JqD.Logic.Tests", "JqD.Logic.Tests\JqD.Logic.Tests.csproj", "{8FF4478E-65E7-4C25-9751-D2C4B75BD867}"
EndProject
Global
	GlobalSection(SolutionConfigurationPlatforms) = preSolution
		Debug|Any CPU = Debug|Any CPU
		Release|Any CPU = Release|Any CPU
	EndGlobalSection
	GlobalSection(ProjectConfigurationPlatforms) = postSolution
		{685AEB70-657C-489D-98DD-3AF7B552FC71}.Debug|Any CPU.ActiveCfg = Debug|Any CPU
		{685AEB70-657C-489D-98DD-3AF7B552FC71}.Debug|Any CPU.Build.0 = Debug|Any CPU
		{685AEB70-657C-489D-98DD-3AF7B552FC71}.Release|Any CPU.ActiveCfg = Release|Any CPU
		{685AEB70-657C-489D-98DD-3AF7B552FC71}.Release|Any CPU.Build.0 = Release|Any CPU
		{8AABA2AC-A0A4-43E2-A3E6-53B239759512}.Debug|Any CPU.ActiveCfg = Debug|Any CPU
		{8AABA2AC-A0A4-43E2-A3E6-53B239759512}.Debug|Any CPU.Build.0 = Debug|Any CPU
		{8AABA2AC-A0A4-43E2-A3E6-53B239759512}.Release|Any CPU.ActiveCfg = Release|Any CPU
		{8AABA2AC-A0A4-43E2-A3E6-53B239759512}.Release|Any CPU.Build.0 = Release|Any CPU
		{2304E8A3-C90E-4D2A-ABDE-5FDEBACEE20F}.Debug|Any CPU.ActiveCfg = Debug|Any CPU
		{2304E8A3-C90E-4D2A-ABDE-5FDEBACEE20F}.Debug|Any CPU.Build.0 = Debug|Any CPU
		{2304E8A3-C90E-4D2A-ABDE-5FDEBACEE20F}.Release|Any CPU.ActiveCfg = Release|Any CPU
		{2304E8A3-C90E-4D2A-ABDE-5FDEBACEE20F}.Release|Any CPU.Build.0 = Release|Any CPU
		{2E038887-9821-4083-BEEE-9E54A6B2F073}.Debug|Any CPU.ActiveCfg = Debug|Any CPU
		{2E038887-9821-4083-BEEE-9E54A6B2F073}.Debug|Any CPU.Build.0 = Debug|Any CPU
		{2E038887-9821-4083-BEEE-9E54A6B2F073}.Release|Any CPU.ActiveCfg = Release|Any CPU
		{2E038887-9821-4083-BEEE-9E54A6B2F073}.Release|Any CPU.Build.0 = Release|Any CPU
		{F3E10145-9683-4F5A-8EE1-4F369523E577}.Debug|Any CPU.ActiveCfg = Debug|Any CPU
		{F3E10145-9683-4F5A-8EE1-4F369523E577}.Debug|Any CPU.Build.0 = Debug|Any CPU
		{F3E10145-9683-4F5A-8EE1-4F369523E577}.Release|Any CPU.ActiveCfg = Release|Any CPU
		{F3E10145-9683-4F5A-8EE1-4F369523E577}.Release|Any CPU.Build.0 = Release|Any CPU
		{076A468A-D9D0-44CF-8379-046DCE5B1074}.Debug|Any CPU.ActiveCfg = Debug|Any CPU
		{076A468A-D9D0-44CF-8379-046DCE5B1074}.Debug|Any CPU.Build.0 = Debug|Any CPU
		{076A468A-D9D0-44CF-8379-046DCE5B1074}.Release|Any CPU.ActiveCfg = Release|Any CPU
		{076A468A-D9D0-44CF-8379-046DCE5B1074}.Release|Any CPU.Build.0 = Release|Any CPU
		{002206C9-4454-4F9E-9804-81A104E16B82}.Debug|Any CPU.ActiveCfg = Debug|Any CPU
		{002206C9-4454-4F9E-9804-81A104E16B82}.Debug|Any CPU.Build.0 = Debug|Any CPU
		{002206C9-4454-4F9E-9804-81A104E16B82}.Release|Any CPU.ActiveCfg = Release|Any CPU
		{002206C9-4454-4F9E-9804-81A104E16B82}.Release|Any CPU.Build.0 = Release|Any CPU
		{1A975A49-783D-461D-819F-AC849AB7F0EC}.Debug|Any CPU.ActiveCfg = Debug|Any CPU
		{1A975A49-783D-461D-819F-AC849AB7F0EC}.Debug|Any CPU.Build.0 = Debug|Any CPU
		{1A975A49-783D-461D-819F-AC849AB7F0EC}.Release|Any CPU.ActiveCfg = Release|Any CPU
		{1A975A49-783D-461D-819F-AC849AB7F0EC}.Release|Any CPU.Build.0 = Release|Any CPU
		{F4ED364E-2165-46A6-A9EF-284C81D20CD0}.Debug|Any CPU.ActiveCfg = Debug|Any CPU
		{F4ED364E-2165-46A6-A9EF-284C81D20CD0}.Debug|Any CPU.Build.0 = Debug|Any CPU
		{F4ED364E-2165-46A6-A9EF-284C81D20CD0}.Release|Any CPU.ActiveCfg = Release|Any CPU
		{F4ED364E-2165-46A6-A9EF-284C81D20CD0}.Release|Any CPU.Build.0 = Release|Any CPU
		{AE6753A1-5DEB-426F-BFA5-A9F7CE5A73B3}.Debug|Any CPU.ActiveCfg = Debug|Any CPU
		{AE6753A1-5DEB-426F-BFA5-A9F7CE5A73B3}.Debug|Any CPU.Build.0 = Debug|Any CPU
		{AE6753A1-5DEB-426F-BFA5-A9F7CE5A73B3}.Release|Any CPU.ActiveCfg = Release|Any CPU
		{AE6753A1-5DEB-426F-BFA5-A9F7CE5A73B3}.Release|Any CPU.Build.0 = Release|Any CPU
		{6CC373CC-791A-4474-B9C8-0397D759B753}.Debug|Any CPU.ActiveCfg = Debug|Any CPU
		{6CC373CC-791A-4474-B9C8-0397D759B753}.Debug|Any CPU.Build.0 = Debug|Any CPU
		{6CC373CC-791A-4474-B9C8-0397D759B753}.Release|Any CPU.ActiveCfg = Release|Any CPU
		{6CC373CC-791A-4474-B9C8-0397D759B753}.Release|Any CPU.Build.0 = Release|Any CPU
		{4F58E670-D8AE-4E2A-946D-58B95ADB7D2A}.Debug|Any CPU.ActiveCfg = Debug|Any CPU
		{4F58E670-D8AE-4E2A-946D-58B95ADB7D2A}.Debug|Any CPU.Build.0 = Debug|Any CPU
		{4F58E670-D8AE-4E2A-946D-58B95ADB7D2A}.Release|Any CPU.ActiveCfg = Release|Any CPU
		{4F58E670-D8AE-4E2A-946D-58B95ADB7D2A}.Release|Any CPU.Build.0 = Release|Any CPU
		{8FF4478E-65E7-4C25-9751-D2C4B75BD867}.Debug|Any CPU.ActiveCfg = Debug|Any CPU
		{8FF4478E-65E7-4C25-9751-D2C4B75BD867}.Debug|Any CPU.Build.0 = Debug|Any CPU
		{8FF4478E-65E7-4C25-9751-D2C4B75BD867}.Release|Any CPU.ActiveCfg = Release|Any CPU
		{8FF4478E-65E7-4C25-9751-D2C4B75BD867}.Release|Any CPU.Build.0 = Release|Any CPU
	EndGlobalSection
	GlobalSection(SolutionProperties) = preSolution
		HideSolutionNode = FALSE
	EndGlobalSection
	GlobalSection(NestedProjects) = preSolution
		{685AEB70-657C-489D-98DD-3AF7B552FC71} = {CB30CAAA-BD4E-4A27-A031-3088848A2E1A}
		{8AABA2AC-A0A4-43E2-A3E6-53B239759512} = {0E0224C7-DC15-4ADF-8D70-E8E4365FD3D3}
		{2304E8A3-C90E-4D2A-ABDE-5FDEBACEE20F} = {0E0224C7-DC15-4ADF-8D70-E8E4365FD3D3}
		{2E038887-9821-4083-BEEE-9E54A6B2F073} = {0E0224C7-DC15-4ADF-8D70-E8E4365FD3D3}
		{F3E10145-9683-4F5A-8EE1-4F369523E577} = {0E0224C7-DC15-4ADF-8D70-E8E4365FD3D3}
		{076A468A-D9D0-44CF-8379-046DCE5B1074} = {0E0224C7-DC15-4ADF-8D70-E8E4365FD3D3}
		{002206C9-4454-4F9E-9804-81A104E16B82} = {E6E824E5-BD94-405B-8B62-79804FD1AA52}
		{1A975A49-783D-461D-819F-AC849AB7F0EC} = {E6E824E5-BD94-405B-8B62-79804FD1AA52}
		{F4ED364E-2165-46A6-A9EF-284C81D20CD0} = {E6E824E5-BD94-405B-8B62-79804FD1AA52}
		{AE6753A1-5DEB-426F-BFA5-A9F7CE5A73B3} = {A9923E9F-0EE2-4526-983A-AB20D8CA290E}
		{6CC373CC-791A-4474-B9C8-0397D759B753} = {A9923E9F-0EE2-4526-983A-AB20D8CA290E}
		{4F58E670-D8AE-4E2A-946D-58B95ADB7D2A} = {A9923E9F-0EE2-4526-983A-AB20D8CA290E}
		{8FF4478E-65E7-4C25-9751-D2C4B75BD867} = {E6E824E5-BD94-405B-8B62-79804FD1AA52}
	EndGlobalSection
EndGlobal
